{
  "lockfileVersion": 1,
  "workspaces": {
    "": {
      "name": "ts",
      "dependencies": {
        "@circles-sdk/pathfinder": "^0.27.3",
        "@circles-sdk/sdk": "^0.27.3",
        "@safe-global/protocol-kit": "^6.0.4",
        "viem": "^2.30.5",
      },
      "devDependencies": {
        "@safe-global/types-kit": "^2.0.1",
        "@types/bun": "latest",
        "prettier": "^3.5.3",
      },
      "peerDependencies": {
        "typescript": "^5",
      },
    },
  },
  "packages": {
    "@adraffy/ens-normalize": ["@adraffy/ens-normalize@1.10.1", "", {}, "sha512-96Z2IP3mYmF1Xg2cDm8f1gWGf/HUVedQ3FMifV4kG/PQ4yEP51xDtRAEfhVNt5f/uzpNkZHwWQuUcu6D6K+Ekw=="],

    "@circles-sdk/abi-v1": ["@circles-sdk/abi-v1@0.27.3", "", { "dependencies": { "ethers": "^6.13.2" } }, "sha512-pc193X0g3kMTrDWH76itgXOiRAP5cX/YlvNa0sKK5HDfLL22Mkr7rY3oql5ycSbIKhOf30tL8x1mnxCy+XFBsw=="],

    "@circles-sdk/abi-v2": ["@circles-sdk/abi-v2@0.27.3", "", { "dependencies": { "ethers": "^6.13.2" } }, "sha512-zrS68P07VpIuxeS5YspFl+ZQ1lFm/1G2CJz2khkTU1zKUoweauNNwzbNkvuKKzxQUbJiF/ljxNadSwA8+HidnQ=="],

    "@circles-sdk/adapter": ["@circles-sdk/adapter@0.27.3", "", {}, "sha512-xILwBDySkKqOzOWToDFraM69P0m2BMs301wtkeBKhYA2S9mlTh+r2pIWLd4r0GPLaDzsknMrM1AAELYm5R6cAg=="],

    "@circles-sdk/adapter-ethers": ["@circles-sdk/adapter-ethers@0.27.3", "", { "dependencies": { "@circles-sdk/adapter": "0.27.3", "@circles-sdk/utils": "0.27.3", "ethers": "^6.13.2" } }, "sha512-6QT5k7lSfMRtqAaK92wI9RKXs3urILbelddRmaKlC/x/H7ZRo8HVYwoEckwEG/6yze9Ke/ewy1nTpnSfg2/YIw=="],

    "@circles-sdk/data": ["@circles-sdk/data@0.27.3", "", { "dependencies": { "@circles-sdk/utils": "0.27.3" } }, "sha512-MstU21DTFK7TEyew4r8uDR1/mtA1aEr9Rt07cxipQ6yOyOIZBtHyTvNGQ+f4za9jLlUaDJ/wtx5qCw5dnRUm0A=="],

    "@circles-sdk/pathfinder": ["@circles-sdk/pathfinder@0.27.3", "", { "dependencies": { "@circles-sdk/data": "0.27.3", "@circles-sdk/utils": "0.27.3", "ethers": "^6.13.2" } }, "sha512-hevHwfSLpOwJXYq0dlbA0q5KxZuHsIbL5XpIB+CJbkVEWgERRJ9COfcAsLics7WE/ZnmCyqRS0gVxYRD8CGOzQ=="],

    "@circles-sdk/profiles": ["@circles-sdk/profiles@0.27.3", "", { "dependencies": { "@circles-sdk/utils": "0.27.3" } }, "sha512-qJ5UETwqa9jWjpOF9PPNGMAa8TfggWpyyLjCLpPOc17LmUU3F/1QJQBJ2h1FoOZTb3+W+lBXV8NDO6qxekYS9Q=="],

    "@circles-sdk/sdk": ["@circles-sdk/sdk@0.27.3", "", { "dependencies": { "@circles-sdk/abi-v1": "0.27.3", "@circles-sdk/abi-v2": "0.27.3", "@circles-sdk/adapter-ethers": "0.27.3", "@circles-sdk/data": "0.27.3", "@circles-sdk/profiles": "0.27.3", "ethers": "^6.13.2", "multihashes": "^4.0.3" } }, "sha512-OlrSztXT/kQw5olq9erIh2I5QLNGz0lgO6oIxwErikzELJecI6FX2+aNP39sCGg/va5oiXgg/ooxFxNQKlQY7w=="],

    "@circles-sdk/utils": ["@circles-sdk/utils@0.27.3", "", { "dependencies": { "bignumber.js": "^9.1.2", "ethers": "^6.13.2" } }, "sha512-9yRlNIVdKjHKEeeefjmv0QAErEcCzPDq7mNVOqPhfQ9Cydpqc/DqXCPs6TUajjNWQgLW49L2FBhDAMSAClAk6Q=="],

    "@multiformats/base-x": ["@multiformats/base-x@4.0.1", "", {}, "sha512-eMk0b9ReBbV23xXU693TAIrLyeO5iTgBZGSJfpqriG8UkYvr/hC9u9pyMlAakDNHWmbhMZCDs6KQO0jzKD8OTw=="],

    "@noble/ciphers": ["@noble/ciphers@1.3.0", "", {}, "sha512-2I0gnIVPtfnMw9ee9h1dJG7tp81+8Ob3OJb3Mv37rx5L40/b0i7djjCVvGOVqc9AEIQyvyu1i6ypKdFw8R8gQw=="],

    "@noble/curves": ["@noble/curves@1.9.1", "", { "dependencies": { "@noble/hashes": "1.8.0" } }, "sha512-k11yZxZg+t+gWvBbIswW0yoJlu8cHOC7dhunwOzoWH/mXGBiYyR4YY6hAEK/3EUs4UpB8la1RfdRpeGsFHkWsA=="],

    "@noble/hashes": ["@noble/hashes@1.8.0", "", {}, "sha512-jCs9ldd7NwzpgXDIf6P3+NrHh9/sD6CQdxHyjQI+h/6rDNo88ypBxxz45UDuZHz9r3tNz7N/VInSVoVdtXEI4A=="],

    "@peculiar/asn1-schema": ["@peculiar/asn1-schema@2.3.15", "", { "dependencies": { "asn1js": "^3.0.5", "pvtsutils": "^1.3.6", "tslib": "^2.8.1" } }, "sha512-QPeD8UA8axQREpgR5UTAfu2mqQmm97oUqahDtNdBcfj3qAnoXzFdQW+aNf/tD2WVXF8Fhmftxoj0eMIT++gX2w=="],

    "@safe-global/protocol-kit": ["@safe-global/protocol-kit@6.0.4", "", { "dependencies": { "@safe-global/safe-deployments": "^1.37.32", "@safe-global/safe-modules-deployments": "^2.2.8", "@safe-global/types-kit": "^2.0.1", "abitype": "^1.0.2", "semver": "^7.7.1", "viem": "^2.21.8" }, "optionalDependencies": { "@noble/curves": "^1.6.0", "@peculiar/asn1-schema": "^2.3.13" } }, "sha512-zwUk7qqtdcjgj+PoDziFXU/rIdAJ1sbwSJBJ48EwsRQIUwT0QdNje3xvvAm22gCOVTvOBTwOwECO5koLEJPqSw=="],

    "@safe-global/safe-deployments": ["@safe-global/safe-deployments@1.37.32", "", { "dependencies": { "semver": "^7.6.2" } }, "sha512-3XRy6TnVz0uymPxMNo7WkaK88sL12ZpIMKOfrNHkODUZCxCO4GFA0FFfjByAPS1LAXfmV7Mulk9Zx1n9vqR8Cg=="],

    "@safe-global/safe-modules-deployments": ["@safe-global/safe-modules-deployments@2.2.8", "", {}, "sha512-XqRhEUzO8PNs5kCXztlPmQJBZO+YTDCRbiumCr5JBuS8RhU0pRSkG5Gs8qjKlZicxZvy3IdXZ14APVwb6+dj/Q=="],

    "@safe-global/types-kit": ["@safe-global/types-kit@2.0.1", "", { "dependencies": { "abitype": "^1.0.2" } }, "sha512-4xKjTBlyFSIKziqvjrGMBAgs7Z2+s/5A2wjAXg2gBA1BuvV6w1THk1Y/WMZg8+6/PlRaVMVo4LoSNMRSsZZhjw=="],

    "@scure/base": ["@scure/base@1.2.6", "", {}, "sha512-g/nm5FgUa//MCj1gV09zTJTaM6KBAHqLN907YVQqf7zC49+DcO4B1so4ZX07Ef10Twr6nuqYEH9GEggFXA4Fmg=="],

    "@scure/bip32": ["@scure/bip32@1.7.0", "", { "dependencies": { "@noble/curves": "~1.9.0", "@noble/hashes": "~1.8.0", "@scure/base": "~1.2.5" } }, "sha512-E4FFX/N3f4B80AKWp5dP6ow+flD1LQZo/w8UnLGYZO674jS6YnYeepycOOksv+vLPSpgN35wgKgy+ybfTb2SMw=="],

    "@scure/bip39": ["@scure/bip39@1.6.0", "", { "dependencies": { "@noble/hashes": "~1.8.0", "@scure/base": "~1.2.5" } }, "sha512-+lF0BbLiJNwVlev4eKelw1WWLaiKXw7sSl8T6FvBlWkdX+94aGJ4o8XjUdlyhTCjd8c+B3KT3JfS8P0bLRNU6A=="],

    "@types/bun": ["@types/bun@1.2.15", "", { "dependencies": { "bun-types": "1.2.15" } }, "sha512-U1ljPdBEphF0nw1MIk0hI7kPg7dFdPyM7EenHsp6W5loNHl7zqy6JQf/RKCgnUn2KDzUpkBwHPnEJEjII594bA=="],

    "@types/node": ["@types/node@22.15.29", "", { "dependencies": { "undici-types": "~6.21.0" } }, "sha512-LNdjOkUDlU1RZb8e1kOIUpN1qQUlzGkEtbVNo53vbrwDg5om6oduhm4SiUaPW5ASTXhAiP0jInWG8Qx9fVlOeQ=="],

    "abitype": ["abitype@1.0.8", "", { "peerDependencies": { "typescript": ">=5.0.4", "zod": "^3 >=3.22.0" }, "optionalPeers": ["typescript", "zod"] }, "sha512-ZeiI6h3GnW06uYDLx0etQtX/p8E24UaHHBj57RSjK7YBFe7iuVn07EDpOeP451D06sF27VOz9JJPlIKJmXgkEg=="],

    "aes-js": ["aes-js@4.0.0-beta.5", "", {}, "sha512-G965FqalsNyrPqgEGON7nIx1e/OVENSgiEIzyC63haUMuvNnwIgIjMs52hlTCKhkBny7A2ORNlfY9Zu+jmGk1Q=="],

    "asn1js": ["asn1js@3.0.6", "", { "dependencies": { "pvtsutils": "^1.3.6", "pvutils": "^1.1.3", "tslib": "^2.8.1" } }, "sha512-UOCGPYbl0tv8+006qks/dTgV9ajs97X2p0FAbyS2iyCRrmLSRolDaHdp+v/CLgnzHc3fVB+CwYiUmei7ndFcgA=="],

    "bignumber.js": ["bignumber.js@9.3.0", "", {}, "sha512-EM7aMFTXbptt/wZdMlBv2t8IViwQL+h6SLHosp8Yf0dqJMTnY6iL32opnAB6kAdL0SZPuvcAzFr31o0c/R3/RA=="],

    "bun-types": ["bun-types@1.2.15", "", { "dependencies": { "@types/node": "*" } }, "sha512-NarRIaS+iOaQU1JPfyKhZm4AsUOrwUOqRNHY0XxI8GI8jYxiLXLcdjYMG9UKS+fwWasc1uw1htV9AX24dD+p4w=="],

    "ethers": ["ethers@6.14.3", "", { "dependencies": { "@adraffy/ens-normalize": "1.10.1", "@noble/curves": "1.2.0", "@noble/hashes": "1.3.2", "@types/node": "22.7.5", "aes-js": "4.0.0-beta.5", "tslib": "2.7.0", "ws": "8.17.1" } }, "sha512-qq7ft/oCJohoTcsNPFaXSQUm457MA5iWqkf1Mb11ujONdg7jBI6sAOrHaTi3j0CBqIGFSCeR/RMc+qwRRub7IA=="],

    "eventemitter3": ["eventemitter3@5.0.1", "", {}, "sha512-GWkBvjiSZK87ELrYOSESUYeVIc9mvLLf/nXalMOS5dYrgZq9o5OVkbZAVM06CVxYsCwH9BDZFPlQTlPA1j4ahA=="],

    "isows": ["isows@1.0.7", "", { "peerDependencies": { "ws": "*" } }, "sha512-I1fSfDCZL5P0v33sVqeTDSpcstAg/N+wF5HS033mogOVIp4B+oHC7oOCsA3axAbBSGTJ8QubbNmnIRN/h8U7hg=="],

    "multibase": ["multibase@4.0.6", "", { "dependencies": { "@multiformats/base-x": "^4.0.1" } }, "sha512-x23pDe5+svdLz/k5JPGCVdfn7Q5mZVMBETiC+ORfO+sor9Sgs0smJzAjfTbM5tckeCqnaUuMYoz+k3RXMmJClQ=="],

    "multiformats": ["multiformats@9.9.0", "", {}, "sha512-HoMUjhH9T8DDBNT+6xzkrd9ga/XiBI4xLr58LJACwK6G3HTOPeMz4nB4KJs33L2BelrIJa7P0VuNaVF3hMYfjg=="],

    "multihashes": ["multihashes@4.0.3", "", { "dependencies": { "multibase": "^4.0.1", "uint8arrays": "^3.0.0", "varint": "^5.0.2" } }, "sha512-0AhMH7Iu95XjDLxIeuCOOE4t9+vQZsACyKZ9Fxw2pcsRmlX4iCn1mby0hS0bb+nQOVpdQYWPpnyusw4da5RPhA=="],

    "ox": ["ox@0.7.1", "", { "dependencies": { "@adraffy/ens-normalize": "^1.10.1", "@noble/ciphers": "^1.3.0", "@noble/curves": "^1.6.0", "@noble/hashes": "^1.5.0", "@scure/bip32": "^1.5.0", "@scure/bip39": "^1.4.0", "abitype": "^1.0.6", "eventemitter3": "5.0.1" }, "peerDependencies": { "typescript": ">=5.4.0" }, "optionalPeers": ["typescript"] }, "sha512-+k9fY9PRNuAMHRFIUbiK9Nt5seYHHzSQs9Bj+iMETcGtlpS7SmBzcGSVUQO3+nqGLEiNK4598pHNFlVRaZbRsg=="],

    "prettier": ["prettier@3.5.3", "", { "bin": { "prettier": "bin/prettier.cjs" } }, "sha512-QQtaxnoDJeAkDvDKWCLiwIXkTgRhwYDEQCghU9Z6q03iyek/rxRh/2lC3HB7P8sWT2xC/y5JDctPLBIGzHKbhw=="],

    "pvtsutils": ["pvtsutils@1.3.6", "", { "dependencies": { "tslib": "^2.8.1" } }, "sha512-PLgQXQ6H2FWCaeRak8vvk1GW462lMxB5s3Jm673N82zI4vqtVUPuZdffdZbPDFRoU8kAhItWFtPCWiPpp4/EDg=="],

    "pvutils": ["pvutils@1.1.3", "", {}, "sha512-pMpnA0qRdFp32b1sJl1wOJNxZLQ2cbQx+k6tjNtZ8CpvVhNqEPRgivZ2WOUev2YMajecdH7ctUPDvEe87nariQ=="],

    "semver": ["semver@7.7.2", "", { "bin": { "semver": "bin/semver.js" } }, "sha512-RF0Fw+rO5AMf9MAyaRXI4AV0Ulj5lMHqVxxdSgiVbixSCXoEmmX/jk0CuJw4+3SqroYO9VoUh+HcuJivvtJemA=="],

    "tslib": ["tslib@2.7.0", "", {}, "sha512-gLXCKdN1/j47AiHiOkJN69hJmcbGTHI0ImLmbYLHykhgeN0jVGola9yVjFgzCUklsZQMW55o+dW7IXv3RCXDzA=="],

    "typescript": ["typescript@5.8.3", "", { "bin": { "tsc": "bin/tsc", "tsserver": "bin/tsserver" } }, "sha512-p1diW6TqL9L07nNxvRMM7hMMw4c5XOo/1ibL4aAIGmSAt9slTE1Xgw5KWuof2uTOvCg9BY7ZRi+GaF+7sfgPeQ=="],

    "uint8arrays": ["uint8arrays@3.1.1", "", { "dependencies": { "multiformats": "^9.4.2" } }, "sha512-+QJa8QRnbdXVpHYjLoTpJIdCTiw9Ir62nocClWuXIq2JIh4Uta0cQsTSpFL678p2CN8B+XSApwcU+pQEqVpKWg=="],

    "undici-types": ["undici-types@6.21.0", "", {}, "sha512-iwDZqg0QAGrg9Rav5H4n0M64c3mkR59cJ6wQp+7C4nI0gsmExaedaYLNO44eT4AtBBwjbTiGPMlt2Md0T9H9JQ=="],

    "varint": ["varint@5.0.2", "", {}, "sha512-lKxKYG6H03yCZUpAGOPOsMcGxd1RHCu1iKvEHYDPmTyq2HueGhD73ssNBqqQWfvYs04G9iUFRvmAVLW20Jw6ow=="],

    "viem": ["viem@2.30.5", "", { "dependencies": { "@noble/curves": "1.9.1", "@noble/hashes": "1.8.0", "@scure/bip32": "1.7.0", "@scure/bip39": "1.6.0", "abitype": "1.0.8", "isows": "1.0.7", "ox": "0.7.1", "ws": "8.18.2" }, "peerDependencies": { "typescript": ">=5.0.4" }, "optionalPeers": ["typescript"] }, "sha512-YymUl7AKsIw3BhQLZxr3j+g8OwqsxmV3xu7zDMmmuFACtvQ3YZaFsKrH7N8eTXpPHYgMlClvKIjgXS8Twt+sQQ=="],

    "ws": ["ws@8.18.2", "", { "peerDependencies": { "bufferutil": "^4.0.1", "utf-8-validate": ">=5.0.2" }, "optionalPeers": ["bufferutil", "utf-8-validate"] }, "sha512-DMricUmwGZUVr++AEAe2uiVM7UoO9MAVZMDu05UQOaUII0lp+zOzLLU4Xqh/JvTqklB1T4uELaaPBKyjE1r4fQ=="],

    "@peculiar/asn1-schema/tslib": ["tslib@2.8.1", "", {}, "sha512-oJFu94HQb+KVduSUQL7wnpmqnfmLsOA/nAh6b6EH0wCEoK0/mPeXU6c3wKDV83MkOuHPRHtSXKKU99IBazS/2w=="],

    "asn1js/tslib": ["tslib@2.8.1", "", {}, "sha512-oJFu94HQb+KVduSUQL7wnpmqnfmLsOA/nAh6b6EH0wCEoK0/mPeXU6c3wKDV83MkOuHPRHtSXKKU99IBazS/2w=="],

    "ethers/@noble/curves": ["@noble/curves@1.2.0", "", { "dependencies": { "@noble/hashes": "1.3.2" } }, "sha512-oYclrNgRaM9SsBUBVbb8M6DTV7ZHRTKugureoYEncY5c65HOmRzvSiTE3y5CYaPYJA/GVkrhXEoF0M3Ya9PMnw=="],

    "ethers/@noble/hashes": ["@noble/hashes@1.3.2", "", {}, "sha512-MVC8EAQp7MvEcm30KWENFjgR+Mkmf+D189XJTkFIlwohU5hcBbn1ZkKq7KVTi2Hme3PMGF390DaL52beVrIihQ=="],

    "ethers/@types/node": ["@types/node@22.7.5", "", { "dependencies": { "undici-types": "~6.19.2" } }, "sha512-jML7s2NAzMWc//QSJ1a3prpk78cOPchGvXJsC3C6R6PSMoooztvRVQEz89gmBTBY1SPMaqo5teB4uNHPdetShQ=="],

    "ethers/ws": ["ws@8.17.1", "", { "peerDependencies": { "bufferutil": "^4.0.1", "utf-8-validate": ">=5.0.2" }, "optionalPeers": ["bufferutil", "utf-8-validate"] }, "sha512-6XQFvXTkbfUOZOKKILFG1PDK2NDQs4azKQl26T0YS5CxqWLgXajbPZ+h4gZekJyRqFU8pvnbAbbs/3TgRPy+GQ=="],

    "ox/@adraffy/ens-normalize": ["@adraffy/ens-normalize@1.11.0", "", {}, "sha512-/3DDPKHqqIqxUULp8yP4zODUY1i+2xvVWsv8A79xGWdCAG+8sb0hRh0Rk2QyOJUnnbyPUAZYcpBuRe3nS2OIUg=="],

    "pvtsutils/tslib": ["tslib@2.8.1", "", {}, "sha512-oJFu94HQb+KVduSUQL7wnpmqnfmLsOA/nAh6b6EH0wCEoK0/mPeXU6c3wKDV83MkOuHPRHtSXKKU99IBazS/2w=="],

    "ethers/@types/node/undici-types": ["undici-types@6.19.8", "", {}, "sha512-ve2KP6f/JnbPBFyobGHuerC9g1FYGn/F8n1LWTwNxCEzd6IfqTwUQcNXgEtmmQ6DlRrC1hrSrBnCZPokRrDHjw=="],
  }
}
